
Microsoft Visual Studio Solution File, Format Version 12.00
# Visual Studio Version 17
VisualStudioVersion = 17.14.36414.22 d17.14
MinimumVisualStudioVersion = 10.0.40219.1
Project("{FAE04EC0-301F-11D3-BF4B-00C04F79EFBC}") = "CourseManagement.Web", "CourseManagement.Web\CourseManagement.Web.csproj", "{3100C092-62C6-43CA-99FF-FACF82676937}"
EndProject
Project("{FAE04EC0-301F-11D3-BF4B-00C04F79EFBC}") = "CourseManagement.DAL", "CourseManagement.DAL\CourseManagement.DAL.csproj", "{14E38C1C-8D9D-47BC-91D7-CF9CEE0A2F56}"
EndProject
Project("{FAE04EC0-301F-11D3-BF4B-00C04F79EFBC}") = "CourseManagement.BLL", "CourseManagement.BLL\CourseManagement.BLL.csproj", "{C35D7567-4C2B-4043-B5DF-5EB8670C394E}"
EndProject
Global
	GlobalSection(SolutionConfigurationPlatforms) = preSolution
		Debug|Any CPU = Debug|Any CPU
		Release|Any CPU = Release|Any CPU
	EndGlobalSection
	GlobalSection(ProjectConfigurationPlatforms) = postSolution
		{3100C092-62C6-43CA-99FF-FACF82676937}.Debug|Any CPU.ActiveCfg = Debug|Any CPU
		{3100C092-62C6-43CA-99FF-FACF82676937}.Debug|Any CPU.Build.0 = Debug|Any CPU
		{3100C092-62C6-43CA-99FF-FACF82676937}.Release|Any CPU.ActiveCfg = Release|Any CPU
		{3100C092-62C6-43CA-99FF-FACF82676937}.Release|Any CPU.Build.0 = Release|Any CPU
		{14E38C1C-8D9D-47BC-91D7-CF9CEE0A2F56}.Debug|Any CPU.ActiveCfg = Debug|Any CPU
		{14E38C1C-8D9D-47BC-91D7-CF9CEE0A2F56}.Debug|Any CPU.Build.0 = Debug|Any CPU
		{14E38C1C-8D9D-47BC-91D7-CF9CEE0A2F56}.Release|Any CPU.ActiveCfg = Release|Any CPU
		{14E38C1C-8D9D-47BC-91D7-CF9CEE0A2F56}.Release|Any CPU.Build.0 = Release|Any CPU
		{C35D7567-4C2B-4043-B5DF-5EB8670C394E}.Debug|Any CPU.ActiveCfg = Debug|Any CPU
		{C35D7567-4C2B-4043-B5DF-5EB8670C394E}.Debug|Any CPU.Build.0 = Debug|Any CPU
		{C35D7567-4C2B-4043-B5DF-5EB8670C394E}.Release|Any CPU.ActiveCfg = Release|Any CPU
		{C35D7567-4C2B-4043-B5DF-5EB8670C394E}.Release|Any CPU.Build.0 = Release|Any CPU
	EndGlobalSection
	GlobalSection(SolutionProperties) = preSolution
		HideSolutionNode = FALSE
	EndGlobalSection
	GlobalSection(ExtensibilityGlobals) = postSolution
		SolutionGuid = {7662CCD0-80A6-45A9-B1C4-DF93D5B06277}
	EndGlobalSection
EndGlobal
